<?xml version="1.0" encoding="utf-8"?>
<Project ToolsVersion="4.0" xmlns="http://schemas.microsoft.com/developer/msbuild/2003">
  <ItemGroup>
    <Filter Include="Source Files">
      <UniqueIdentifier>{4FC737F1-C7A5-4376-A066-2A32D752A2FF}</UniqueIdentifier>
      <Extensions>cpp;c;cc;cxx;def;odl;idl;hpj;bat;asm;asmx</Extensions>
    </Filter>
    <Filter Include="Header Files">
      <UniqueIdentifier>{93995380-89BD-4b04-88EB-625FBE52EBFB}</UniqueIdentifier>
      <Extensions>h;hpp;hxx;hm;inl;inc;xsd</Extensions>
    </Filter>
    <Filter Include="Resource Files">
      <UniqueIdentifier>{67DA6AB6-F800-4c08-8B7A-83BB121AAD01}</UniqueIdentifier>
      <Extensions>rc;ico;cur;bmp;dlg;rc2;rct;bin;rgs;gif;jpg;jpeg;jpe;resx;tiff;tif;png;wav;mfcribbon-ms</Extensions>
    </Filter>
    <Filter Include="Header Files\AI">
      <UniqueIdentifier>{cda930a0-adee-4b87-a24f-79aaf89941c0}</UniqueIdentifier>
    </Filter>
    <Filter Include="Source Files\AI">
      <UniqueIdentifier>{ca42180f-1d59-4945-b965-a1043f73388d}</UniqueIdentifier>
    </Filter>
    <Filter Include="Header Files\AI\State">
      <UniqueIdentifier>{82cec376-4976-4f22-a411-1c7c4221985e}</UniqueIdentifier>
    </Filter>
    <Filter Include="Header Files\AI\Message">
      <UniqueIdentifier>{0cf4ca09-f791-4869-ae78-693c876541ba}</UniqueIdentifier>
    </Filter>
    <Filter Include="Header Files\AI\Entity">
      <UniqueIdentifier>{3b950954-9e98-468c-aab8-7c5dfd5e1cd1}</UniqueIdentifier>
    </Filter>
    <Filter Include="Source Files\AI\Message">
      <UniqueIdentifier>{3443348e-3fab-42b5-8ad5-6054d4c4919e}</UniqueIdentifier>
    </Filter>
    <Filter Include="Source Files\AI\Entity">
      <UniqueIdentifier>{d11448be-0bcb-4990-a27a-d5313a2b9c4f}</UniqueIdentifier>
    </Filter>
    <Filter Include="Source Files\AI\State">
      <UniqueIdentifier>{7555a83b-65b8-4e44-822a-96ee8096870d}</UniqueIdentifier>
    </Filter>
    <Filter Include="Header Files\AI\Misc">
      <UniqueIdentifier>{35fe38fc-5525-43ff-bbd8-af81a492da5c}</UniqueIdentifier>
    </Filter>
    <Filter Include="Source Files\AI\Misc">
      <UniqueIdentifier>{24acc6e0-7f1e-4a0d-826d-d4535029cd71}</UniqueIdentifier>
    </Filter>
    <Filter Include="Header Files\AI\2D">
      <UniqueIdentifier>{a4dfdd4e-a419-4b93-b24c-80bb73a2570d}</UniqueIdentifier>
    </Filter>
    <Filter Include="Source Files\AI\2D">
      <UniqueIdentifier>{c7305183-5da8-48ff-ba2d-e8419bca3900}</UniqueIdentifier>
    </Filter>
    <Filter Include="Source Files\Database">
      <UniqueIdentifier>{13be44f6-ff79-4283-96b9-5715ff8f252e}</UniqueIdentifier>
    </Filter>
    <Filter Include="Header Files\Database">
      <UniqueIdentifier>{377c9543-7de8-41cb-9293-5c5ab7e2cf92}</UniqueIdentifier>
    </Filter>
  </ItemGroup>
  <ItemGroup>
    <ClCompile Include="SpaceStar5.cpp">
      <Filter>Source Files</Filter>
    </ClCompile>
    <ClCompile Include="WinMain.cpp">
      <Filter>Source Files</Filter>
    </ClCompile>
    <ClCompile Include="AudioManager.cpp">
      <Filter>Source Files</Filter>
    </ClCompile>
    <ClCompile Include="Camera.cpp">
      <Filter>Source Files</Filter>
    </ClCompile>
    <ClCompile Include="InputManager.cpp">
      <Filter>Source Files</Filter>
    </ClCompile>
    <ClCompile Include="Player.cpp">
      <Filter>Source Files</Filter>
    </ClCompile>
    <ClCompile Include="EnemyShip.cpp">
      <Filter>Source Files</Filter>
    </ClCompile>
    <ClCompile Include="Skybox.cpp">
      <Filter>Source Files</Filter>
    </ClCompile>
    <ClCompile Include="Projectile.cpp">
      <Filter>Source Files</Filter>
    </ClCompile>
    <ClCompile Include="BaseGameEntity.cpp">
      <Filter>Source Files</Filter>
    </ClCompile>
    <ClCompile Include="Misc\CrudeTimer.cpp">
      <Filter>Source Files\AI\Misc</Filter>
    </ClCompile>
    <ClCompile Include="Misc\FrameCounter.cpp">
      <Filter>Source Files\AI\Misc</Filter>
    </ClCompile>
    <ClCompile Include="State\MessageDispatcher.cpp">
      <Filter>Source Files\AI\Message</Filter>
    </ClCompile>
    <ClCompile Include="Entity\EntityManager.cpp">
      <Filter>Source Files\AI\Entity</Filter>
    </ClCompile>
    <ClCompile Include="Initializer.cpp">
      <Filter>Source Files</Filter>
    </ClCompile>
    <ClCompile Include="TitleScreen.cpp">
      <Filter>Source Files</Filter>
    </ClCompile>
    <ClCompile Include="Screen.cpp">
      <Filter>Source Files</Filter>
    </ClCompile>
    <ClCompile Include="GameScreen.cpp">
      <Filter>Source Files</Filter>
    </ClCompile>
    <ClCompile Include="MainMenuScreen.cpp">
      <Filter>Source Files</Filter>
    </ClCompile>
    <ClCompile Include="HUD.cpp">
      <Filter>Source Files</Filter>
    </ClCompile>
    <ClCompile Include="AttackWaves.cpp">
      <Filter>Source Files</Filter>
    </ClCompile>
    <ClCompile Include="PSystem.cpp">
      <Filter>Source Files</Filter>
    </ClCompile>
    <ClCompile Include="GameOverScreen.cpp">
      <Filter>Source Files</Filter>
    </ClCompile>
    <ClCompile Include="Database.cpp">
      <Filter>Source Files</Filter>
    </ClCompile>
    <ClCompile Include="sqlite3.c">
      <Filter>Source Files</Filter>
    </ClCompile>
    <ClCompile Include="NewScoreScreen.cpp">
      <Filter>Source Files</Filter>
    </ClCompile>
    <ClCompile Include="ItemActor.cpp">
      <Filter>Source Files</Filter>
    </ClCompile>
    <ClCompile Include="HighscoreScreen.cpp">
      <Filter>Source Files</Filter>
    </ClCompile>
  </ItemGroup>
  <ItemGroup>
    <ClInclude Include="SpaceStar5.h">
      <Filter>Header Files</Filter>
    </ClInclude>
    <ClInclude Include="AudioManager.h">
      <Filter>Header Files</Filter>
    </ClInclude>
    <ClInclude Include="Camera.h">
      <Filter>Header Files</Filter>
    </ClInclude>
    <ClInclude Include="InputManager.h">
      <Filter>Header Files</Filter>
    </ClInclude>
    <ClInclude Include="Player.h">
      <Filter>Header Files</Filter>
    </ClInclude>
    <ClInclude Include="EnemyShip.h">
      <Filter>Header Files</Filter>
    </ClInclude>
    <ClInclude Include="Skybox.h">
      <Filter>Header Files</Filter>
    </ClInclude>
    <ClInclude Include="AABB.h">
      <Filter>Header Files</Filter>
    </ClInclude>
    <ClInclude Include="Projectile.h">
      <Filter>Header Files</Filter>
    </ClInclude>
    <ClInclude Include="BaseGameEntity.h">
      <Filter>Header Files</Filter>
    </ClInclude>
    <ClInclude Include="State\State.h">
      <Filter>Header Files\AI\State</Filter>
    </ClInclude>
    <ClInclude Include="State\StateMachine.h">
      <Filter>Header Files\AI\State</Filter>
    </ClInclude>
    <ClInclude Include="State\MessageDispatcher.h">
      <Filter>Header Files\AI\Message</Filter>
    </ClInclude>
    <ClInclude Include="State\Telegram.h">
      <Filter>Header Files\AI\Message</Filter>
    </ClInclude>
    <ClInclude Include="Misc\CrudeTimer.h">
      <Filter>Header Files\AI\Misc</Filter>
    </ClInclude>
    <ClInclude Include="Misc\FrameCounter.h">
      <Filter>Header Files\AI\Misc</Filter>
    </ClInclude>
    <ClInclude Include="Misc\utils.h">
      <Filter>Header Files\AI\Misc</Filter>
    </ClInclude>
    <ClInclude Include="Entity\EntityManager.h">
      <Filter>Header Files\AI\Entity</Filter>
    </ClInclude>
    <ClInclude Include="Entity\EntityNames.h">
      <Filter>Header Files\AI\Entity</Filter>
    </ClInclude>
    <ClInclude Include="AttackType.h">
      <Filter>Header Files</Filter>
    </ClInclude>
    <ClInclude Include="Initializer.h">
      <Filter>Header Files</Filter>
    </ClInclude>
    <ClInclude Include="TitleScreen.h">
      <Filter>Header Files</Filter>
    </ClInclude>
    <ClInclude Include="Screen.h">
      <Filter>Header Files</Filter>
    </ClInclude>
    <ClInclude Include="GameScreen.h">
      <Filter>Header Files</Filter>
    </ClInclude>
    <ClInclude Include="MainMenuScreen.h">
      <Filter>Header Files</Filter>
    </ClInclude>
    <ClInclude Include="HUD.h">
      <Filter>Header Files</Filter>
    </ClInclude>
    <ClInclude Include="AttackWaves.h">
      <Filter>Header Files</Filter>
    </ClInclude>
    <ClInclude Include="PSystem.h">
      <Filter>Header Files</Filter>
    </ClInclude>
    <ClInclude Include="GameOverScreen.h">
      <Filter>Header Files</Filter>
    </ClInclude>
    <ClInclude Include="Database.h">
      <Filter>Header Files</Filter>
    </ClInclude>
    <ClInclude Include="sqlite3.h">
      <Filter>Header Files</Filter>
    </ClInclude>
    <ClInclude Include="NewScoreScreen.h">
      <Filter>Header Files</Filter>
    </ClInclude>
    <ClInclude Include="ItemActor.h">
      <Filter>Header Files</Filter>
    </ClInclude>
    <ClInclude Include="ItemTypes.h">
      <Filter>Header Files</Filter>
    </ClInclude>
    <ClInclude Include="HighscoreScreen.h">
      <Filter>Header Files</Filter>
    </ClInclude>
  </ItemGroup>
</Project>